
Microsoft Visual Studio Solution File, Format Version 12.00
# Visual Studio Version 17
VisualStudioVersion = 17.10.35122.118
MinimumVisualStudioVersion = 10.0.40219.1
Project("{9A19103F-16F7-4668-BE54-9A1E7A4F7556}") = "TesterCore", "TesterCore\TesterCore.csproj", "{1CB1B217-1792-4B01-84C4-AC705338C216}"
EndProject
Project("{9A19103F-16F7-4668-BE54-9A1E7A4F7556}") = "TersterMSTest", "TersterMSTest\TersterMSTest.csproj", "{0326023B-2234-4D3F-9A35-F76FE44AAFB0}"
EndProject
Project("{FAE04EC0-301F-11D3-BF4B-00C04F79EFBC}") = "TesterXUInit", "TesterXUInit\TesterXUInit.csproj", "{139B26C8-E504-44F0-9980-B114DDF2DA19}"
EndProject
Global
	GlobalSection(SolutionConfigurationPlatforms) = preSolution
		Debug|Any CPU = Debug|Any CPU
		Release|Any CPU = Release|Any CPU
	EndGlobalSection
	GlobalSection(ProjectConfigurationPlatforms) = postSolution
		{1CB1B217-1792-4B01-84C4-AC705338C216}.Debug|Any CPU.ActiveCfg = Debug|Any CPU
		{1CB1B217-1792-4B01-84C4-AC705338C216}.Debug|Any CPU.Build.0 = Debug|Any CPU
		{1CB1B217-1792-4B01-84C4-AC705338C216}.Release|Any CPU.ActiveCfg = Release|Any CPU
		{1CB1B217-1792-4B01-84C4-AC705338C216}.Release|Any CPU.Build.0 = Release|Any CPU
		{0326023B-2234-4D3F-9A35-F76FE44AAFB0}.Debug|Any CPU.ActiveCfg = Debug|Any CPU
		{0326023B-2234-4D3F-9A35-F76FE44AAFB0}.Debug|Any CPU.Build.0 = Debug|Any CPU
		{0326023B-2234-4D3F-9A35-F76FE44AAFB0}.Release|Any CPU.ActiveCfg = Release|Any CPU
		{0326023B-2234-4D3F-9A35-F76FE44AAFB0}.Release|Any CPU.Build.0 = Release|Any CPU
		{139B26C8-E504-44F0-9980-B114DDF2DA19}.Debug|Any CPU.ActiveCfg = Debug|Any CPU
		{139B26C8-E504-44F0-9980-B114DDF2DA19}.Debug|Any CPU.Build.0 = Debug|Any CPU
		{139B26C8-E504-44F0-9980-B114DDF2DA19}.Release|Any CPU.ActiveCfg = Release|Any CPU
		{139B26C8-E504-44F0-9980-B114DDF2DA19}.Release|Any CPU.Build.0 = Release|Any CPU
	EndGlobalSection
	GlobalSection(SolutionProperties) = preSolution
		HideSolutionNode = FALSE
	EndGlobalSection
	GlobalSection(ExtensibilityGlobals) = postSolution
		SolutionGuid = {004B537F-3A14-4EE1-B143-C5F093D342AC}
	EndGlobalSection
EndGlobal
